
Microsoft Visual Studio Solution File, Format Version 12.00
# Visual Studio 2013
VisualStudioVersion = 12.0.40302.0
MinimumVisualStudioVersion = 10.0.40219.1
Project("{FAE04EC0-301F-11D3-BF4B-00C04F79EFBC}") = "FluentBootstrapPolicy", "FluentBootstrapPolicy\FluentBootstrapPolicy.csproj", "{5283448B-9EAE-4D10-BF90-D7B40BDB01A4}"
EndProject
Project("{FAE04EC0-301F-11D3-BF4B-00C04F79EFBC}") = "FluentBootstrapPolicy.Tests", "FluentBootstrapPolicy.Tests\FluentBootstrapPolicy.Tests.csproj", "{AB7B91D9-552A-475F-B42D-13374FDFBA95}"
EndProject
Global
	GlobalSection(SolutionConfigurationPlatforms) = preSolution
		Debug|Any CPU = Debug|Any CPU
		Release|Any CPU = Release|Any CPU
	EndGlobalSection
	GlobalSection(ProjectConfigurationPlatforms) = postSolution
		{5283448B-9EAE-4D10-BF90-D7B40BDB01A4}.Debug|Any CPU.ActiveCfg = Debug|Any CPU
		{5283448B-9EAE-4D10-BF90-D7B40BDB01A4}.Debug|Any CPU.Build.0 = Debug|Any CPU
		{5283448B-9EAE-4D10-BF90-D7B40BDB01A4}.Release|Any CPU.ActiveCfg = Release|Any CPU
		{5283448B-9EAE-4D10-BF90-D7B40BDB01A4}.Release|Any CPU.Build.0 = Release|Any CPU
		{AB7B91D9-552A-475F-B42D-13374FDFBA95}.Debug|Any CPU.ActiveCfg = Debug|Any CPU
		{AB7B91D9-552A-475F-B42D-13374FDFBA95}.Debug|Any CPU.Build.0 = Debug|Any CPU
		{AB7B91D9-552A-475F-B42D-13374FDFBA95}.Release|Any CPU.ActiveCfg = Release|Any CPU
		{AB7B91D9-552A-475F-B42D-13374FDFBA95}.Release|Any CPU.Build.0 = Release|Any CPU
	EndGlobalSection
	GlobalSection(SolutionProperties) = preSolution
		HideSolutionNode = FALSE
	EndGlobalSection
EndGlobal
